
Microsoft Visual Studio Solution File, Format Version 12.00
# Visual Studio Version 16
VisualStudioVersion = 16.0.32802.440
MinimumVisualStudioVersion = 10.0.40219.1
Project("{8BC9CEB8-8B4A-11D0-8D11-00A0C91BC942}") = "CPP_Week4_Inclass_Day1", "CPP_Week4_Inclass_Day1\CPP_Week4_Inclass_Day1.vcxproj", "{64B45897-AF6E-4031-8BCC-F68419CE7BAC}"
EndProject
Global
	GlobalSection(SolutionConfigurationPlatforms) = preSolution
		Debug|x64 = Debug|x64
		Debug|x86 = Debug|x86
		Release|x64 = Release|x64
		Release|x86 = Release|x86
	EndGlobalSection
	GlobalSection(ProjectConfigurationPlatforms) = postSolution
		{64B45897-AF6E-4031-8BCC-F68419CE7BAC}.Debug|x64.ActiveCfg = Debug|x64
		{64B45897-AF6E-4031-8BCC-F68419CE7BAC}.Debug|x64.Build.0 = Debug|x64
		{64B45897-AF6E-4031-8BCC-F68419CE7BAC}.Debug|x86.ActiveCfg = Debug|Win32
		{64B45897-AF6E-4031-8BCC-F68419CE7BAC}.Debug|x86.Build.0 = Debug|Win32
		{64B45897-AF6E-4031-8BCC-F68419CE7BAC}.Release|x64.ActiveCfg = Release|x64
		{64B45897-AF6E-4031-8BCC-F68419CE7BAC}.Release|x64.Build.0 = Release|x64
		{64B45897-AF6E-4031-8BCC-F68419CE7BAC}.Release|x86.ActiveCfg = Release|Win32
		{64B45897-AF6E-4031-8BCC-F68419CE7BAC}.Release|x86.Build.0 = Release|Win32
	EndGlobalSection
	GlobalSection(SolutionProperties) = preSolution
		HideSolutionNode = FALSE
	EndGlobalSection
	GlobalSection(ExtensibilityGlobals) = postSolution
		SolutionGuid = {DB5AB07C-9D9F-4847-8F3C-3D60A822B3DB}
	EndGlobalSection
EndGlobal
